
Microsoft Visual Studio Solution File, Format Version 12.00
# Visual Studio Version 16
VisualStudioVersion = 16.0.32106.194
MinimumVisualStudioVersion = 10.0.40219.1
Project("{FAE04EC0-301F-11D3-BF4B-00C04F79EFBC}") = "PerfectPoliciesFE", "PerfectPoliciesFE.csproj", "{5FB2D2B4-0295-4D82-BBBB-8114C963BF5A}"
EndProject
Global
	GlobalSection(SolutionConfigurationPlatforms) = preSolution
		Debug|Any CPU = Debug|Any CPU
		Release|Any CPU = Release|Any CPU
	EndGlobalSection
	GlobalSection(ProjectConfigurationPlatforms) = postSolution
		{5FB2D2B4-0295-4D82-BBBB-8114C963BF5A}.Debug|Any CPU.ActiveCfg = Debug|Any CPU
		{5FB2D2B4-0295-4D82-BBBB-8114C963BF5A}.Debug|Any CPU.Build.0 = Debug|Any CPU
		{5FB2D2B4-0295-4D82-BBBB-8114C963BF5A}.Release|Any CPU.ActiveCfg = Release|Any CPU
		{5FB2D2B4-0295-4D82-BBBB-8114C963BF5A}.Release|Any CPU.Build.0 = Release|Any CPU
	EndGlobalSection
	GlobalSection(SolutionProperties) = preSolution
		HideSolutionNode = FALSE
	EndGlobalSection
	GlobalSection(ExtensibilityGlobals) = postSolution
		SolutionGuid = {64CD2AC5-453E-4FED-BC76-997CCB96C21E}
	EndGlobalSection
EndGlobal
